<?xml version="1.0" encoding="utf-8"?>
<Project ToolsVersion="4.0" xmlns="http://schemas.microsoft.com/developer/msbuild/2003">
  <ItemGroup>
    <Filter Include="Quelldateien">
      <UniqueIdentifier>{4FC737F1-C7A5-4376-A066-2A32D752A2FF}</UniqueIdentifier>
      <Extensions>cpp;c;cc;cxx;c++;cppm;ixx;def;odl;idl;hpj;bat;asm;asmx</Extensions>
    </Filter>
    <Filter Include="Headerdateien">
      <UniqueIdentifier>{93995380-89BD-4b04-88EB-625FBE52EBFB}</UniqueIdentifier>
      <Extensions>h;hh;hpp;hxx;h++;hm;inl;inc;ipp;xsd</Extensions>
    </Filter>
    <Filter Include="Ressourcendateien">
      <UniqueIdentifier>{67DA6AB6-F800-4c08-8B7A-83BB121AAD01}</UniqueIdentifier>
      <Extensions>rc;ico;cur;bmp;dlg;rc2;rct;bin;rgs;gif;jpg;jpeg;jpe;resx;tiff;tif;png;wav;mfcribbon-ms</Extensions>
    </Filter>
    <Filter Include="Headerdateien\mitarbeiter">
      <UniqueIdentifier>{de11c1bd-cb6e-45dc-8788-c121531d6e8b}</UniqueIdentifier>
    </Filter>
    <Filter Include="Headerdateien\firma">
      <UniqueIdentifier>{c14a5259-dfe7-4819-a27c-ebbdd0f5d449}</UniqueIdentifier>
    </Filter>
    <Filter Include="Headerdateien\mitarbeiter\visitors">
      <UniqueIdentifier>{37f6ea14-e735-42ed-b325-30f30b10166e}</UniqueIdentifier>
    </Filter>
  </ItemGroup>
  <ItemGroup>
    <ClCompile Include="Tag2_01Visitor.cpp">
      <Filter>Quelldateien</Filter>
    </ClCompile>
  </ItemGroup>
  <ItemGroup>
    <ClInclude Include="Firma.h">
      <Filter>Headerdateien\firma</Filter>
    </ClInclude>
    <ClInclude Include="MitarbeiterVisitor.h">
      <Filter>Headerdateien\mitarbeiter\visitors</Filter>
    </ClInclude>
    <ClInclude Include="AbstractMitarbeiterVisitor.h">
      <Filter>Headerdateien\mitarbeiter\visitors</Filter>
    </ClInclude>
    <ClInclude Include="AbstractMitarbeiter.h">
      <Filter>Headerdateien\mitarbeiter</Filter>
    </ClInclude>
    <ClInclude Include="GehaltsEmpfaenger.h">
      <Filter>Headerdateien\mitarbeiter</Filter>
    </ClInclude>
    <ClInclude Include="LohnEmpfaenger.h">
      <Filter>Headerdateien\mitarbeiter</Filter>
    </ClInclude>
    <ClInclude Include="PrintVisitor.h">
      <Filter>Headerdateien\mitarbeiter\visitors</Filter>
    </ClInclude>
    <ClInclude Include="ResetArbeitszeitVisitor.h">
      <Filter>Headerdateien\mitarbeiter\visitors</Filter>
    </ClInclude>
  </ItemGroup>
</Project>